// !$*UTF8*$!
{
	archiveVersion = 1;
	classes = {
	};
	objectVersion = 50;
	objects = {

/* Begin PBXBuildFile section */
		D2203D082666CDA500F2E87F /* AppDelegate.swift in Sources */ = {isa = PBXBuildFile; fileRef = D2203D072666CDA500F2E87F /* AppDelegate.swift */; };
		D2203D0A2666CDA500F2E87F /* SceneDelegate.swift in Sources */ = {isa = PBXBuildFile; fileRef = D2203D092666CDA500F2E87F /* SceneDelegate.swift */; };
		D2203D0C2666CDA500F2E87F /* ViewController.swift in Sources */ = {isa = PBXBuildFile; fileRef = D2203D0B2666CDA500F2E87F /* ViewController.swift */; };
		D2203D0F2666CDA500F2E87F /* Main.storyboard in Resources */ = {isa = PBXBuildFile; fileRef = D2203D0D2666CDA500F2E87F /* Main.storyboard */; };
		D2203D112666CDA600F2E87F /* Assets.xcassets in Resources */ = {isa = PBXBuildFile; fileRef = D2203D102666CDA600F2E87F /* Assets.xcassets */; };
		D2203D142666CDA600F2E87F /* LaunchScreen.storyboard in Resources */ = {isa = PBXBuildFile; fileRef = D2203D122666CDA600F2E87F /* LaunchScreen.storyboard */; };
		D2203D1C2666D64A00F2E87F /* candies.json in Resources */ = {isa = PBXBuildFile; fileRef = D2203D1B2666D64A00F2E87F /* candies.json */; };
		D2203D1E2666D66100F2E87F /* Candy.swift in Sources */ = {isa = PBXBuildFile; fileRef = D2203D1D2666D66100F2E87F /* Candy.swift */; };
/* End PBXBuildFile section */

/* Begin PBXFileReference section */
		D2203D042666CDA500F2E87F /* Project 06 - CandySearch.app */ = {isa = PBXFileReference; explicitFileType = wrapper.application; includeInIndex = 0; path = "Project 06 - CandySearch.app"; sourceTree = BUILT_PRODUCTS_DIR; };
		D2203D072666CDA500F2E87F /* AppDelegate.swift */ = {isa = PBXFileReference; lastKnownFileType = sourcecode.swift; path = AppDelegate.swift; sourceTree = "<group>"; };
		D2203D092666CDA500F2E87F /* SceneDelegate.swift */ = {isa = PBXFileReference; lastKnownFileType = sourcecode.swift; path = SceneDelegate.swift; sourceTree = "<group>"; };
		D2203D0B2666CDA500F2E87F /* ViewController.swift */ = {isa = PBXFileReference; lastKnownFileType = sourcecode.swift; path = ViewController.swift; sourceTree = "<group>"; };
		D2203D0E2666CDA500F2E87F /* Base */ = {isa = PBXFileReference; lastKnownFileType = file.storyboard; name = Base; path = Base.lproj/Main.storyboard; sourceTree = "<group>"; };
		D2203D102666CDA600F2E87F /* Assets.xcassets */ = {isa = PBXFileReference; lastKnownFileType = folder.assetcatalog; path = Assets.xcassets; sourceTree = "<group>"; };
		D2203D132666CDA600F2E87F /* Base */ = {isa = PBXFileReference; lastKnownFileType = file.storyboard; name = Base; path = Base.lproj/LaunchScreen.storyboard; sourceTree = "<group>"; };
		D2203D152666CDA600F2E87F /* Info.plist */ = {isa = PBXFileReference; lastKnownFileType = text.plist.xml; path = Info.plist; sourceTree = "<group>"; };
		D2203D1B2666D64A00F2E87F /* candies.json */ = {isa = PBXFileReference; fileEncoding = 4; lastKnownFileType = text.json; path = candies.json; sourceTree = "<group>"; };
		D2203D1D2666D66100F2E87F /* Candy.swift */ = {isa = PBXFileReference; lastKnownFileType = sourcecode.swift; path = Candy.swift; sourceTree = "<group>"; };
/* End PBXFileReference section */

/* Begin PBXFrameworksBuildPhase section */
		D2203D012666CDA500F2E87F /* Frameworks */ = {
			isa = PBXFrameworksBuildPhase;
			buildActionMask = 2147483647;
			files = (
			);
			runOnlyForDeploymentPostprocessing = 0;
		};
/* End PBXFrameworksBuildPhase section */

/* Begin PBXGroup section */
		D2203CFB2666CDA500F2E87F = {
			isa = PBXGroup;
			children = (
				D2203D062666CDA500F2E87F /* Project 06 - CandySearch */,
				D2203D052666CDA500F2E87F /* Products */,
			);
			sourceTree = "<group>";
		};
		D2203D052666CDA500F2E87F /* Products */ = {
			isa = PBXGroup;
			children = (
				D2203D042666CDA500F2E87F /* Project 06 - CandySearch.app */,
			);
			name = Products;
			sourceTree = "<group>";
		};
		D2203D062666CDA500F2E87F /* Project 06 - CandySearch */ = {
			isa = PBXGroup;
			children = (
				D2203D072666CDA500F2E87F /* AppDelegate.swift */,
				D2203D092666CDA500F2E87F /* SceneDelegate.swift */,
				D2203D1D2666D66100F2E87F /* Candy.swift */,
				D2203D0B2666CDA500F2E87F /* ViewController.swift */,
				D2203D0D2666CDA500F2E87F /* Main.storyboard */,
				D2203D102666CDA600F2E87F /* Assets.xcassets */,
				D2203D122666CDA600F2E87F /* LaunchScreen.storyboard */,
				D2203D152666CDA600F2E87F /* Info.plist */,
				D2203D1B2666D64A00F2E87F /* candies.json */,
			);
			path = "Project 06 - CandySearch";
			sourceTree = "<group>";
		};
/* End PBXGroup section */

/* Begin PBXNativeTarget section */
		D2203D032666CDA500F2E87F /* Project 06 - CandySearch */ = {
			isa = PBXNativeTarget;
			buildConfigurationList = D2203D182666CDA600F2E87F /* Build configuration list for PBXNativeTarget "Project 06 - CandySearch" */;
			buildPhases = (
				D2203D002666CDA500F2E87F /* Sources */,
				D2203D012666CDA500F2E87F /* Frameworks */,
				D2203D022666CDA500F2E87F /* Resources */,
			);
			buildRules = (
			);
			dependencies = (
			);
			name = "Project 06 - CandySearch";
			productName = "Project 06 - CandySearch";
			productReference = D2203D042666CDA500F2E87F /* Project 06 - CandySearch.app */;
			productType = "com.apple.product-type.application";
		};
/* End PBXNativeTarget section */

/* Begin PBXProject section */
		D2203CFC2666CDA500F2E87F /* Project object */ = {
			isa = PBXProject;
			attributes = {
				LastSwiftUpdateCheck = 1250;
				LastUpgradeCheck = 1250;
				TargetAttributes = {
					D2203D032666CDA500F2E87F = {
						CreatedOnToolsVersion = 12.5;
					};
				};
			};
			buildConfigurationList = D2203CFF2666CDA500F2E87F /* Build configuration list for PBXProject "Project 06 - CandySearch" */;
			compatibilityVersion = "Xcode 9.3";
			developmentRegion = en;
			hasScannedForEncodings = 0;
			knownRegions = (
				en,
				Base,
			);
			mainGroup = D2203CFB2666CDA500F2E87F;
			productRefGroup = D2203D052666CDA500F2E87F /* Products */;
			projectDirPath = "";
			projectRoot = "";
			targets = (
				D2203D032666CDA500F2E87F /* Project 06 - CandySearch */,
			);
		};
/* End PBXProject section */

/* Begin PBXResourcesBuildPhase section */
		D2203D022666CDA500F2E87F /* Resources */ = {
			isa = PBXResourcesBuildPhase;
			buildActionMask = 2147483647;
			files = (
				D2203D142666CDA600F2E87F /* LaunchScreen.storyboard in Resources */,
				D2203D112666CDA600F2E87F /* Assets.xcassets in Resources */,
				D2203D0F2666CDA500F2E87F /* Main.storyboard in Resources */,
				D2203D1C2666D64A00F2E87F /* candies.json in Resources */,
			);
			runOnlyForDeploymentPostprocessing = 0;
		};
/* End PBXResourcesBuildPhase section */

/* Begin PBXSourcesBuildPhase section */
		D2203D002666CDA500F2E87F /* Sources */ = {
			isa = PBXSourcesBuildPhase;
			buildActionMask = 2147483647;
			files = (
				D2203D0C2666CDA500F2E87F /* ViewController.swift in Sources */,
				D2203D1E2666D66100F2E87F /* Candy.swift in Sources */,
				D2203D082666CDA500F2E87F /* AppDelegate.swift in Sources */,
				D2203D0A2666CDA500F2E87F /* SceneDelegate.swift in Sources */,
			);
			runOnlyForDeploymentPostprocessing = 0;
		};
/* End PBXSourcesBuildPhase section */

/* Begin PBXVariantGroup section */
		D2203D0D2666CDA500F2E87F /* Main.storyboard */ = {
			isa = PBXVariantGroup;
			children = (
				D2203D0E2666CDA500F2E87F /* Base */,
			);
			name = Main.storyboard;
			sourceTree = "<group>";
		};
		D2203D122666CDA600F2E87F /* LaunchScreen.storyboard */ = {
			isa = PBXVariantGroup;
			children = (
				D2203D132666CDA600F2E87F /* Base */,
			);
			name = LaunchScreen.storyboard;
			sourceTree = "<group>";
		};
/* End PBXVariantGroup section */

/* Begin XCBuildConfiguration section */
		D2203D162666CDA600F2E87F /* Debug */ = {
			isa = XCBuildConfiguration;
			buildSettings = {
				ALWAYS_SEARCH_USER_PATHS = NO;
				CLANG_ANALYZER_NONNULL = YES;
				CLANG_ANALYZER_NUMBER_OBJECT_CONVERSION = YES_AGGRESSIVE;
				CLANG_CXX_LANGUAGE_STANDARD = "gnu++14";
				CLANG_CXX_LIBRARY = "libc++";
				CLANG_ENABLE_MODULES = YES;
				CLANG_ENABLE_OBJC_ARC = YES;
				CLANG_ENABLE_OBJC_WEAK = YES;
				CLANG_WARN_BLOCK_CAPTURE_AUTORELEASING = YES;
				CLANG_WARN_BOOL_CONVERSION = YES;
				CLANG_WARN_COMMA = YES;
				CLANG_WARN_CONSTANT_CONVERSION = YES;
				CLANG_WARN_DEPRECATED_OBJC_IMPLEMENTATIONS = YES;
				CLANG_WARN_DIRECT_OBJC_ISA_USAGE = YES_ERROR;
				CLANG_WARN_DOCUMENTATION_COMMENTS = YES;
				CLANG_WARN_EMPTY_BODY = YES;
				CLANG_WARN_ENUM_CONVERSION = YES;
				CLANG_WARN_INFINITE_RECURSION = YES;
				CLANG_WARN_INT_CONVERSION = YES;
				CLANG_WARN_NON_LITERAL_NULL_CONVERSION = YES;
				CLANG_WARN_OBJC_IMPLICIT_RETAIN_SELF = YES;
				CLANG_WARN_OBJC_LITERAL_CONVERSION = YES;
				CLANG_WARN_OBJC_ROOT_CLASS = YES_ERROR;
				CLANG_WARN_QUOTED_INCLUDE_IN_FRAMEWORK_HEADER = YES;
				CLANG_WARN_RANGE_LOOP_ANALYSIS = YES;
				CLANG_WARN_STRICT_PROTOTYPES = YES;
				CLANG_WARN_SUSPICIOUS_MOVE = YES;
				CLANG_WARN_UNGUARDED_AVAILABILITY = YES_AGGRESSIVE;
				CLANG_WARN_UNREACHABLE_CODE = YES;
				CLANG_WARN__DUPLICATE_METHOD_MATCH = YES;
				COPY_PHASE_STRIP = NO;
				DEBUG_INFORMATION_FORMAT = dwarf;
				ENABLE_STRICT_OBJC_MSGSEND = YES;
				ENABLE_TESTABILITY = YES;
				GCC_C_LANGUAGE_STANDARD = gnu11;
				GCC_DYNAMIC_NO_PIC = NO;
				GCC_NO_COMMON_BLOCKS = YES;
				GCC_OPTIMIZATION_LEVEL = 0;
				GCC_PREPROCESSOR_DEFINITIONS = (
					"DEBUG=1",
					"$(inherited)",
				);
				GCC_WARN_64_TO_32_BIT_CONVERSION = YES;
				GCC_WARN_ABOUT_RETURN_TYPE = YES_ERROR;
				GCC_WARN_UNDECLARED_SELECTOR = YES;
				GCC_WARN_UNINITIALIZED_AUTOS = YES_AGGRESSIVE;
				GCC_WARN_UNUSED_FUNCTION = YES;
				GCC_WARN_UNUSED_VARIABLE = YES;
				IPHONEOS_DEPLOYMENT_TARGET = 14.5;
				MTL_ENABLE_DEBUG_INFO = INCLUDE_SOURCE;
				MTL_FAST_MATH = YES;
				ONLY_ACTIVE_ARCH = YES;
				SDKROOT = iphoneos;
				SWIFT_ACTIVE_COMPILATION_CONDITIONS = DEBUG;
				SWIFT_OPTIMIZATION_LEVEL = "-Onone";
			};
			name = Debug;
		};
		D2203D172666CDA600F2E87F /* Release */ = {
			isa = XCBuildConfiguration;
			buildSettings = {
				ALWAYS_SEARCH_USER_PATHS = NO;
				CLANG_ANALYZER_NONNULL = YES;
				CLANG_ANALYZER_NUMBER_OBJECT_CONVERSION = YES_AGGRESSIVE;
				CLANG_CXX_LANGUAGE_STANDARD = "gnu++14";
				CLANG_CXX_LIBRARY = "libc++";
				CLANG_ENABLE_MODULES = YES;
				CLANG_ENABLE_OBJC_ARC = YES;
				CLANG_ENABLE_OBJC_WEAK = YES;
				CLANG_WARN_BLOCK_CAPTURE_AUTORELEASING = YES;
				CLANG_WARN_BOOL_CONVERSION = YES;
				CLANG_WARN_COMMA = YES;
				CLANG_WARN_CONSTANT_CONVERSION = YES;
				CLANG_WARN_DEPRECATED_OBJC_IMPLEMENTATIONS = YES;
				CLANG_WARN_DIRECT_OBJC_ISA_USAGE = YES_ERROR;
				CLANG_WARN_DOCUMENTATION_COMMENTS = YES;
				CLANG_WARN_EMPTY_BODY = YES;
				CLANG_WARN_ENUM_CONVERSION = YES;
				CLANG_WARN_INFINITE_RECURSION = YES;
				CLANG_WARN_INT_CONVERSION = YES;
				CLANG_WARN_NON_LITERAL_NULL_CONVERSION = YES;
				CLANG_WARN_OBJC_IMPLICIT_RETAIN_SELF = YES;
				CLANG_WARN_OBJC_LITERAL_CONVERSION = YES;
				CLANG_WARN_OBJC_ROOT_CLASS = YES_ERROR;
				CLANG_WARN_QUOTED_INCLUDE_IN_FRAMEWORK_HEADER = YES;
				CLANG_WARN_RANGE_LOOP_ANALYSIS = YES;
				CLANG_WARN_STRICT_PROTOTYPES = YES;
				CLANG_WARN_SUSPICIOUS_MOVE = YES;
				CLANG_WARN_UNGUARDED_AVAILABILITY = YES_AGGRESSIVE;
				CLANG_WARN_UNREACHABLE_CODE = YES;
				CLANG_WARN__DUPLICATE_METHOD_MATCH = YES;
				COPY_PHASE_STRIP = NO;
				DEBUG_INFORMATION_FORMAT = "dwarf-with-dsym";
				ENABLE_NS_ASSERTIONS = NO;
				ENABLE_STRICT_OBJC_MSGSEND = YES;
				GCC_C_LANGUAGE_STANDARD = gnu11;
				GCC_NO_COMMON_BLOCKS = YES;
				GCC_WARN_64_TO_32_BIT_CONVERSION = YES;
				GCC_WARN_ABOUT_RETURN_TYPE = YES_ERROR;
				GCC_WARN_UNDECLARED_SELECTOR = YES;
				GCC_WARN_UNINITIALIZED_AUTOS = YES_AGGRESSIVE;
				GCC_WARN_UNUSED_FUNCTION = YES;
				GCC_WARN_UNUSED_VARIABLE = YES;
				IPHONEOS_DEPLOYMENT_TARGET = 14.5;
				MTL_ENABLE_DEBUG_INFO = NO;
				MTL_FAST_MATH = YES;
				SDKROOT = iphoneos;
				SWIFT_COMPILATION_MODE = wholemodule;
				SWIFT_OPTIMIZATION_LEVEL = "-O";
				VALIDATE_PRODUCT = YES;
			};
			name = Release;
		};
		D2203D192666CDA600F2E87F /* Debug */ = {
			isa = XCBuildConfiguration;
			buildSettings = {
				ASSETCATALOG_COMPILER_APPICON_NAME = AppIcon;
				ASSETCATALOG_COMPILER_GLOBAL_ACCENT_COLOR_NAME = AccentColor;
				CODE_SIGN_STYLE = Automatic;
				INFOPLIST_FILE = "Project 06 - CandySearch/Info.plist";
				LD_RUNPATH_SEARCH_PATHS = (
					"$(inherited)",
					"@executable_path/Frameworks",
				);
				PRODUCT_BUNDLE_IDENTIFIER = "com.headingtodev.Project-06---CandySearch";
				PRODUCT_NAME = "$(TARGET_NAME)";
				SWIFT_VERSION = 5.0;
				TARGETED_DEVICE_FAMILY = "1,2";
			};
			name = Debug;
		};
		D2203D1A2666CDA600F2E87F /* Release */ = {
			isa = XCBuildConfiguration;
			buildSettings = {
				ASSETCATALOG_COMPILER_APPICON_NAME = AppIcon;
				ASSETCATALOG_COMPILER_GLOBAL_ACCENT_COLOR_NAME = AccentColor;
				CODE_SIGN_STYLE = Automatic;
				INFOPLIST_FILE = "Project 06 - CandySearch/Info.plist";
				LD_RUNPATH_SEARCH_PATHS = (
					"$(inherited)",
					"@executable_path/Frameworks",
				);
				PRODUCT_BUNDLE_IDENTIFIER = "com.headingtodev.Project-06---CandySearch";
				PRODUCT_NAME = "$(TARGET_NAME)";
				SWIFT_VERSION = 5.0;
				TARGETED_DEVICE_FAMILY = "1,2";
			};
			name = Release;
		};
/* End XCBuildConfiguration section */

/* Begin XCConfigurationList section */
		D2203CFF2666CDA500F2E87F /* Build configuration list for PBXProject "Project 06 - CandySearch" */ = {
			isa = XCConfigurationList;
			buildConfigurations = (
				D2203D162666CDA600F2E87F /* Debug */,
				D2203D172666CDA600F2E87F /* Release */,
			);
			defaultConfigurationIsVisible = 0;
			defaultConfigurationName = Release;
		};
		D2203D182666CDA600F2E87F /* Build configuration list for PBXNativeTarget "Project 06 - CandySearch" */ = {
			isa = XCConfigurationList;
			buildConfigurations = (
				D2203D192666CDA600F2E87F /* Debug */,
				D2203D1A2666CDA600F2E87F /* Release */,
			);
			defaultConfigurationIsVisible = 0;
			defaultConfigurationName = Release;
		};
/* End XCConfigurationList section */
	};
	rootObject = D2203CFC2666CDA500F2E87F /* Project object */;
}
