// !$*UTF8*$!
{
	archiveVersion = 1;
	classes = {
	};
	objectVersion = 50;
	objects = {

/* Begin PBXBuildFile section */
		D22F7C69264464D200729763 /* AppDelegate.swift in Sources */ = {isa = PBXBuildFile; fileRef = D22F7C68264464D200729763 /* AppDelegate.swift */; };
		D22F7C6B264464D200729763 /* SceneDelegate.swift in Sources */ = {isa = PBXBuildFile; fileRef = D22F7C6A264464D200729763 /* SceneDelegate.swift */; };
		D22F7C6D264464D200729763 /* ViewController.swift in Sources */ = {isa = PBXBuildFile; fileRef = D22F7C6C264464D200729763 /* ViewController.swift */; };
		D22F7C70264464D200729763 /* Main.storyboard in Resources */ = {isa = PBXBuildFile; fileRef = D22F7C6E264464D200729763 /* Main.storyboard */; };
		D22F7C72264464D300729763 /* Assets.xcassets in Resources */ = {isa = PBXBuildFile; fileRef = D22F7C71264464D300729763 /* Assets.xcassets */; };
		D22F7C75264464D300729763 /* LaunchScreen.storyboard in Resources */ = {isa = PBXBuildFile; fileRef = D22F7C73264464D300729763 /* LaunchScreen.storyboard */; };
		D22F7C7D2644653500729763 /* Model.swift in Sources */ = {isa = PBXBuildFile; fileRef = D22F7C7C2644653500729763 /* Model.swift */; };
		D22F7C7F26448EF700729763 /* SwitchTableViewCell.swift in Sources */ = {isa = PBXBuildFile; fileRef = D22F7C7E26448EF700729763 /* SwitchTableViewCell.swift */; };
/* End PBXBuildFile section */

/* Begin PBXFileReference section */
		D22F7C65264464D200729763 /* Project 03 - iPhoneSettingsPhoto.app */ = {isa = PBXFileReference; explicitFileType = wrapper.application; includeInIndex = 0; path = "Project 03 - iPhoneSettingsPhoto.app"; sourceTree = BUILT_PRODUCTS_DIR; };
		D22F7C68264464D200729763 /* AppDelegate.swift */ = {isa = PBXFileReference; lastKnownFileType = sourcecode.swift; path = AppDelegate.swift; sourceTree = "<group>"; };
		D22F7C6A264464D200729763 /* SceneDelegate.swift */ = {isa = PBXFileReference; lastKnownFileType = sourcecode.swift; path = SceneDelegate.swift; sourceTree = "<group>"; };
		D22F7C6C264464D200729763 /* ViewController.swift */ = {isa = PBXFileReference; lastKnownFileType = sourcecode.swift; path = ViewController.swift; sourceTree = "<group>"; };
		D22F7C6F264464D200729763 /* Base */ = {isa = PBXFileReference; lastKnownFileType = file.storyboard; name = Base; path = Base.lproj/Main.storyboard; sourceTree = "<group>"; };
		D22F7C71264464D300729763 /* Assets.xcassets */ = {isa = PBXFileReference; lastKnownFileType = folder.assetcatalog; path = Assets.xcassets; sourceTree = "<group>"; };
		D22F7C74264464D300729763 /* Base */ = {isa = PBXFileReference; lastKnownFileType = file.storyboard; name = Base; path = Base.lproj/LaunchScreen.storyboard; sourceTree = "<group>"; };
		D22F7C76264464D300729763 /* Info.plist */ = {isa = PBXFileReference; lastKnownFileType = text.plist.xml; path = Info.plist; sourceTree = "<group>"; };
		D22F7C7C2644653500729763 /* Model.swift */ = {isa = PBXFileReference; lastKnownFileType = sourcecode.swift; path = Model.swift; sourceTree = "<group>"; };
		D22F7C7E26448EF700729763 /* SwitchTableViewCell.swift */ = {isa = PBXFileReference; lastKnownFileType = sourcecode.swift; path = SwitchTableViewCell.swift; sourceTree = "<group>"; };
/* End PBXFileReference section */

/* Begin PBXFrameworksBuildPhase section */
		D22F7C62264464D200729763 /* Frameworks */ = {
			isa = PBXFrameworksBuildPhase;
			buildActionMask = 2147483647;
			files = (
			);
			runOnlyForDeploymentPostprocessing = 0;
		};
/* End PBXFrameworksBuildPhase section */

/* Begin PBXGroup section */
		D22F7C5C264464D200729763 = {
			isa = PBXGroup;
			children = (
				D22F7C67264464D200729763 /* Project 03 - iPhoneSettingsPhoto */,
				D22F7C66264464D200729763 /* Products */,
			);
			sourceTree = "<group>";
		};
		D22F7C66264464D200729763 /* Products */ = {
			isa = PBXGroup;
			children = (
				D22F7C65264464D200729763 /* Project 03 - iPhoneSettingsPhoto.app */,
			);
			name = Products;
			sourceTree = "<group>";
		};
		D22F7C67264464D200729763 /* Project 03 - iPhoneSettingsPhoto */ = {
			isa = PBXGroup;
			children = (
				D22F7C68264464D200729763 /* AppDelegate.swift */,
				D22F7C6A264464D200729763 /* SceneDelegate.swift */,
				D22F7C7C2644653500729763 /* Model.swift */,
				D22F7C6C264464D200729763 /* ViewController.swift */,
				D22F7C7E26448EF700729763 /* SwitchTableViewCell.swift */,
				D22F7C6E264464D200729763 /* Main.storyboard */,
				D22F7C71264464D300729763 /* Assets.xcassets */,
				D22F7C73264464D300729763 /* LaunchScreen.storyboard */,
				D22F7C76264464D300729763 /* Info.plist */,
			);
			path = "Project 03 - iPhoneSettingsPhoto";
			sourceTree = "<group>";
		};
/* End PBXGroup section */

/* Begin PBXNativeTarget section */
		D22F7C64264464D200729763 /* Project 03 - iPhoneSettingsPhoto */ = {
			isa = PBXNativeTarget;
			buildConfigurationList = D22F7C79264464D300729763 /* Build configuration list for PBXNativeTarget "Project 03 - iPhoneSettingsPhoto" */;
			buildPhases = (
				D22F7C61264464D200729763 /* Sources */,
				D22F7C62264464D200729763 /* Frameworks */,
				D22F7C63264464D200729763 /* Resources */,
			);
			buildRules = (
			);
			dependencies = (
			);
			name = "Project 03 - iPhoneSettingsPhoto";
			productName = "Project 03 - iPhoneSettingsPhoto";
			productReference = D22F7C65264464D200729763 /* Project 03 - iPhoneSettingsPhoto.app */;
			productType = "com.apple.product-type.application";
		};
/* End PBXNativeTarget section */

/* Begin PBXProject section */
		D22F7C5D264464D200729763 /* Project object */ = {
			isa = PBXProject;
			attributes = {
				LastSwiftUpdateCheck = 1250;
				LastUpgradeCheck = 1250;
				TargetAttributes = {
					D22F7C64264464D200729763 = {
						CreatedOnToolsVersion = 12.5;
					};
				};
			};
			buildConfigurationList = D22F7C60264464D200729763 /* Build configuration list for PBXProject "Project 03 - iPhoneSettingsPhoto" */;
			compatibilityVersion = "Xcode 9.3";
			developmentRegion = en;
			hasScannedForEncodings = 0;
			knownRegions = (
				en,
				Base,
			);
			mainGroup = D22F7C5C264464D200729763;
			productRefGroup = D22F7C66264464D200729763 /* Products */;
			projectDirPath = "";
			projectRoot = "";
			targets = (
				D22F7C64264464D200729763 /* Project 03 - iPhoneSettingsPhoto */,
			);
		};
/* End PBXProject section */

/* Begin PBXResourcesBuildPhase section */
		D22F7C63264464D200729763 /* Resources */ = {
			isa = PBXResourcesBuildPhase;
			buildActionMask = 2147483647;
			files = (
				D22F7C75264464D300729763 /* LaunchScreen.storyboard in Resources */,
				D22F7C72264464D300729763 /* Assets.xcassets in Resources */,
				D22F7C70264464D200729763 /* Main.storyboard in Resources */,
			);
			runOnlyForDeploymentPostprocessing = 0;
		};
/* End PBXResourcesBuildPhase section */

/* Begin PBXSourcesBuildPhase section */
		D22F7C61264464D200729763 /* Sources */ = {
			isa = PBXSourcesBuildPhase;
			buildActionMask = 2147483647;
			files = (
				D22F7C6D264464D200729763 /* ViewController.swift in Sources */,
				D22F7C69264464D200729763 /* AppDelegate.swift in Sources */,
				D22F7C7F26448EF700729763 /* SwitchTableViewCell.swift in Sources */,
				D22F7C6B264464D200729763 /* SceneDelegate.swift in Sources */,
				D22F7C7D2644653500729763 /* Model.swift in Sources */,
			);
			runOnlyForDeploymentPostprocessing = 0;
		};
/* End PBXSourcesBuildPhase section */

/* Begin PBXVariantGroup section */
		D22F7C6E264464D200729763 /* Main.storyboard */ = {
			isa = PBXVariantGroup;
			children = (
				D22F7C6F264464D200729763 /* Base */,
			);
			name = Main.storyboard;
			sourceTree = "<group>";
		};
		D22F7C73264464D300729763 /* LaunchScreen.storyboard */ = {
			isa = PBXVariantGroup;
			children = (
				D22F7C74264464D300729763 /* Base */,
			);
			name = LaunchScreen.storyboard;
			sourceTree = "<group>";
		};
/* End PBXVariantGroup section */

/* Begin XCBuildConfiguration section */
		D22F7C77264464D300729763 /* Debug */ = {
			isa = XCBuildConfiguration;
			buildSettings = {
				ALWAYS_SEARCH_USER_PATHS = NO;
				CLANG_ANALYZER_NONNULL = YES;
				CLANG_ANALYZER_NUMBER_OBJECT_CONVERSION = YES_AGGRESSIVE;
				CLANG_CXX_LANGUAGE_STANDARD = "gnu++14";
				CLANG_CXX_LIBRARY = "libc++";
				CLANG_ENABLE_MODULES = YES;
				CLANG_ENABLE_OBJC_ARC = YES;
				CLANG_ENABLE_OBJC_WEAK = YES;
				CLANG_WARN_BLOCK_CAPTURE_AUTORELEASING = YES;
				CLANG_WARN_BOOL_CONVERSION = YES;
				CLANG_WARN_COMMA = YES;
				CLANG_WARN_CONSTANT_CONVERSION = YES;
				CLANG_WARN_DEPRECATED_OBJC_IMPLEMENTATIONS = YES;
				CLANG_WARN_DIRECT_OBJC_ISA_USAGE = YES_ERROR;
				CLANG_WARN_DOCUMENTATION_COMMENTS = YES;
				CLANG_WARN_EMPTY_BODY = YES;
				CLANG_WARN_ENUM_CONVERSION = YES;
				CLANG_WARN_INFINITE_RECURSION = YES;
				CLANG_WARN_INT_CONVERSION = YES;
				CLANG_WARN_NON_LITERAL_NULL_CONVERSION = YES;
				CLANG_WARN_OBJC_IMPLICIT_RETAIN_SELF = YES;
				CLANG_WARN_OBJC_LITERAL_CONVERSION = YES;
				CLANG_WARN_OBJC_ROOT_CLASS = YES_ERROR;
				CLANG_WARN_QUOTED_INCLUDE_IN_FRAMEWORK_HEADER = YES;
				CLANG_WARN_RANGE_LOOP_ANALYSIS = YES;
				CLANG_WARN_STRICT_PROTOTYPES = YES;
				CLANG_WARN_SUSPICIOUS_MOVE = YES;
				CLANG_WARN_UNGUARDED_AVAILABILITY = YES_AGGRESSIVE;
				CLANG_WARN_UNREACHABLE_CODE = YES;
				CLANG_WARN__DUPLICATE_METHOD_MATCH = YES;
				COPY_PHASE_STRIP = NO;
				DEBUG_INFORMATION_FORMAT = dwarf;
				ENABLE_STRICT_OBJC_MSGSEND = YES;
				ENABLE_TESTABILITY = YES;
				GCC_C_LANGUAGE_STANDARD = gnu11;
				GCC_DYNAMIC_NO_PIC = NO;
				GCC_NO_COMMON_BLOCKS = YES;
				GCC_OPTIMIZATION_LEVEL = 0;
				GCC_PREPROCESSOR_DEFINITIONS = (
					"DEBUG=1",
					"$(inherited)",
				);
				GCC_WARN_64_TO_32_BIT_CONVERSION = YES;
				GCC_WARN_ABOUT_RETURN_TYPE = YES_ERROR;
				GCC_WARN_UNDECLARED_SELECTOR = YES;
				GCC_WARN_UNINITIALIZED_AUTOS = YES_AGGRESSIVE;
				GCC_WARN_UNUSED_FUNCTION = YES;
				GCC_WARN_UNUSED_VARIABLE = YES;
				IPHONEOS_DEPLOYMENT_TARGET = 14.5;
				MTL_ENABLE_DEBUG_INFO = INCLUDE_SOURCE;
				MTL_FAST_MATH = YES;
				ONLY_ACTIVE_ARCH = YES;
				SDKROOT = iphoneos;
				SWIFT_ACTIVE_COMPILATION_CONDITIONS = DEBUG;
				SWIFT_OPTIMIZATION_LEVEL = "-Onone";
			};
			name = Debug;
		};
		D22F7C78264464D300729763 /* Release */ = {
			isa = XCBuildConfiguration;
			buildSettings = {
				ALWAYS_SEARCH_USER_PATHS = NO;
				CLANG_ANALYZER_NONNULL = YES;
				CLANG_ANALYZER_NUMBER_OBJECT_CONVERSION = YES_AGGRESSIVE;
				CLANG_CXX_LANGUAGE_STANDARD = "gnu++14";
				CLANG_CXX_LIBRARY = "libc++";
				CLANG_ENABLE_MODULES = YES;
				CLANG_ENABLE_OBJC_ARC = YES;
				CLANG_ENABLE_OBJC_WEAK = YES;
				CLANG_WARN_BLOCK_CAPTURE_AUTORELEASING = YES;
				CLANG_WARN_BOOL_CONVERSION = YES;
				CLANG_WARN_COMMA = YES;
				CLANG_WARN_CONSTANT_CONVERSION = YES;
				CLANG_WARN_DEPRECATED_OBJC_IMPLEMENTATIONS = YES;
				CLANG_WARN_DIRECT_OBJC_ISA_USAGE = YES_ERROR;
				CLANG_WARN_DOCUMENTATION_COMMENTS = YES;
				CLANG_WARN_EMPTY_BODY = YES;
				CLANG_WARN_ENUM_CONVERSION = YES;
				CLANG_WARN_INFINITE_RECURSION = YES;
				CLANG_WARN_INT_CONVERSION = YES;
				CLANG_WARN_NON_LITERAL_NULL_CONVERSION = YES;
				CLANG_WARN_OBJC_IMPLICIT_RETAIN_SELF = YES;
				CLANG_WARN_OBJC_LITERAL_CONVERSION = YES;
				CLANG_WARN_OBJC_ROOT_CLASS = YES_ERROR;
				CLANG_WARN_QUOTED_INCLUDE_IN_FRAMEWORK_HEADER = YES;
				CLANG_WARN_RANGE_LOOP_ANALYSIS = YES;
				CLANG_WARN_STRICT_PROTOTYPES = YES;
				CLANG_WARN_SUSPICIOUS_MOVE = YES;
				CLANG_WARN_UNGUARDED_AVAILABILITY = YES_AGGRESSIVE;
				CLANG_WARN_UNREACHABLE_CODE = YES;
				CLANG_WARN__DUPLICATE_METHOD_MATCH = YES;
				COPY_PHASE_STRIP = NO;
				DEBUG_INFORMATION_FORMAT = "dwarf-with-dsym";
				ENABLE_NS_ASSERTIONS = NO;
				ENABLE_STRICT_OBJC_MSGSEND = YES;
				GCC_C_LANGUAGE_STANDARD = gnu11;
				GCC_NO_COMMON_BLOCKS = YES;
				GCC_WARN_64_TO_32_BIT_CONVERSION = YES;
				GCC_WARN_ABOUT_RETURN_TYPE = YES_ERROR;
				GCC_WARN_UNDECLARED_SELECTOR = YES;
				GCC_WARN_UNINITIALIZED_AUTOS = YES_AGGRESSIVE;
				GCC_WARN_UNUSED_FUNCTION = YES;
				GCC_WARN_UNUSED_VARIABLE = YES;
				IPHONEOS_DEPLOYMENT_TARGET = 14.5;
				MTL_ENABLE_DEBUG_INFO = NO;
				MTL_FAST_MATH = YES;
				SDKROOT = iphoneos;
				SWIFT_COMPILATION_MODE = wholemodule;
				SWIFT_OPTIMIZATION_LEVEL = "-O";
				VALIDATE_PRODUCT = YES;
			};
			name = Release;
		};
		D22F7C7A264464D300729763 /* Debug */ = {
			isa = XCBuildConfiguration;
			buildSettings = {
				ASSETCATALOG_COMPILER_APPICON_NAME = AppIcon;
				ASSETCATALOG_COMPILER_GLOBAL_ACCENT_COLOR_NAME = AccentColor;
				CODE_SIGN_STYLE = Automatic;
				INFOPLIST_FILE = "Project 03 - iPhoneSettingsPhoto/Info.plist";
				IPHONEOS_DEPLOYMENT_TARGET = 13.6;
				LD_RUNPATH_SEARCH_PATHS = (
					"$(inherited)",
					"@executable_path/Frameworks",
				);
				PRODUCT_BUNDLE_IDENTIFIER = "com.headingtodev.Project-03---iPhoneSettingsPhoto";
				PRODUCT_NAME = "$(TARGET_NAME)";
				SWIFT_VERSION = 5.0;
				TARGETED_DEVICE_FAMILY = "1,2";
			};
			name = Debug;
		};
		D22F7C7B264464D300729763 /* Release */ = {
			isa = XCBuildConfiguration;
			buildSettings = {
				ASSETCATALOG_COMPILER_APPICON_NAME = AppIcon;
				ASSETCATALOG_COMPILER_GLOBAL_ACCENT_COLOR_NAME = AccentColor;
				CODE_SIGN_STYLE = Automatic;
				INFOPLIST_FILE = "Project 03 - iPhoneSettingsPhoto/Info.plist";
				IPHONEOS_DEPLOYMENT_TARGET = 13.6;
				LD_RUNPATH_SEARCH_PATHS = (
					"$(inherited)",
					"@executable_path/Frameworks",
				);
				PRODUCT_BUNDLE_IDENTIFIER = "com.headingtodev.Project-03---iPhoneSettingsPhoto";
				PRODUCT_NAME = "$(TARGET_NAME)";
				SWIFT_VERSION = 5.0;
				TARGETED_DEVICE_FAMILY = "1,2";
			};
			name = Release;
		};
/* End XCBuildConfiguration section */

/* Begin XCConfigurationList section */
		D22F7C60264464D200729763 /* Build configuration list for PBXProject "Project 03 - iPhoneSettingsPhoto" */ = {
			isa = XCConfigurationList;
			buildConfigurations = (
				D22F7C77264464D300729763 /* Debug */,
				D22F7C78264464D300729763 /* Release */,
			);
			defaultConfigurationIsVisible = 0;
			defaultConfigurationName = Release;
		};
		D22F7C79264464D300729763 /* Build configuration list for PBXNativeTarget "Project 03 - iPhoneSettingsPhoto" */ = {
			isa = XCConfigurationList;
			buildConfigurations = (
				D22F7C7A264464D300729763 /* Debug */,
				D22F7C7B264464D300729763 /* Release */,
			);
			defaultConfigurationIsVisible = 0;
			defaultConfigurationName = Release;
		};
/* End XCConfigurationList section */
	};
	rootObject = D22F7C5D264464D200729763 /* Project object */;
}
